
Microsoft Visual Studio Solution File, Format Version 12.00
# Visual Studio 15
VisualStudioVersion = 15.0.26430.16
MinimumVisualStudioVersion = 10.0.40219.1
Project("{FAE04EC0-301F-11D3-BF4B-00C04F79EFBC}") = "DotNetCRUDApp", "DotNetCRUDApp\DotNetCRUDApp.csproj", "{ECEB2103-3156-404E-A24C-CBA1285ABB92}"
EndProject
Global
	GlobalSection(SolutionConfigurationPlatforms) = preSolution
		Debug|Any CPU = Debug|Any CPU
		Release|Any CPU = Release|Any CPU
	EndGlobalSection
	GlobalSection(ProjectConfigurationPlatforms) = postSolution
		{ECEB2103-3156-404E-A24C-CBA1285ABB92}.Debug|Any CPU.ActiveCfg = Debug|Any CPU
		{ECEB2103-3156-404E-A24C-CBA1285ABB92}.Debug|Any CPU.Build.0 = Debug|Any CPU
		{ECEB2103-3156-404E-A24C-CBA1285ABB92}.Release|Any CPU.ActiveCfg = Release|Any CPU
		{ECEB2103-3156-404E-A24C-CBA1285ABB92}.Release|Any CPU.Build.0 = Release|Any CPU
	EndGlobalSection
	GlobalSection(SolutionProperties) = preSolution
		HideSolutionNode = FALSE
	EndGlobalSection
EndGlobal
